// !$*UTF8*$!
{
	archiveVersion = 1;
	classes = {
	};
	objectVersion = 63;
	objects = {

/* Begin PBXBuildFile section */
		1773F7B93D7B85A9DF147955 /* TerminalStream.swift in Sources */ = {isa = PBXBuildFile; fileRef = 25B656FC46BA431301180F1A /* TerminalStream.swift */; };
		20CD504DC2D35345C19E6FC1 /* PromptComposerView.swift in Sources */ = {isa = PBXBuildFile; fileRef = A76333BD9E2E686FFEEE2B43 /* PromptComposerView.swift */; };
		25AD0829C5DA279C01C7327A /* Assets.xcassets in Resources */ = {isa = PBXBuildFile; fileRef = 41A75B4C89FDEB0BDD71BB4A /* Assets.xcassets */; };
		29820128992601643C11A610 /* CertificatePinningDelegate.swift in Sources */ = {isa = PBXBuildFile; fileRef = 44CFFFB2A9C1240998D97CA1 /* CertificatePinningDelegate.swift */; };
		40C338AF6756654EECAB65A5 /* ZellijProfile.swift in Sources */ = {isa = PBXBuildFile; fileRef = BAD45AD11D6D254ACD239C3C /* ZellijProfile.swift */; };
		486B045810CA64DFF49EC8F9 /* ZellijWireCodecTests.swift in Sources */ = {isa = PBXBuildFile; fileRef = F36E99B3A34C30E511FD43B6 /* ZellijWireCodecTests.swift */; };
		4DEFE95A89DE3AD05FD42B11 /* ANSITextSanitizer.swift in Sources */ = {isa = PBXBuildFile; fileRef = 104CB6AF9A6291A149B96085 /* ANSITextSanitizer.swift */; };
		62FABE3669EB597839172E7F /* ZellijWebTransport.swift in Sources */ = {isa = PBXBuildFile; fileRef = 2EB36E96678110AFD6E3EA74 /* ZellijWebTransport.swift */; };
		69B85BCCB896BC1D14648296 /* ZellijWireCodec.swift in Sources */ = {isa = PBXBuildFile; fileRef = 0EA42D8B040326F2172916A5 /* ZellijWireCodec.swift */; };
		6FEDB7C258E27D7CC4E6B966 /* SwiftTermSurface.swift in Sources */ = {isa = PBXBuildFile; fileRef = 7742E73C283A9DA65F603AF6 /* SwiftTermSurface.swift */; };
		770F6213A76B4AC28D5E0F19 /* PrivacyInfo.xcprivacy in Resources */ = {isa = PBXBuildFile; fileRef = 94DFE1C8F27A4D269941B4D5 /* PrivacyInfo.xcprivacy */; };
		7F3D4B9C2E1A4A14A4D70D42 /* ZelmuxDing.wav in Resources */ = {isa = PBXBuildFile; fileRef = 7F3D4B9B2E1A4A14A4D70D42 /* ZelmuxDing.wav */; };
		9FAE7440156A7FD14A3A73CB /* RootView.swift in Sources */ = {isa = PBXBuildFile; fileRef = CB94742F670125979D2A8FDD /* RootView.swift */; };
		A2F7E12B5514739B67979AE2 /* SettingsView.swift in Sources */ = {isa = PBXBuildFile; fileRef = 39DFA4F4E8BC3BC3BF127B87 /* SettingsView.swift */; };
		A80C6E5E7A58A0B44A488161 /* SettingsStore.swift in Sources */ = {isa = PBXBuildFile; fileRef = D3464E98675D2D7F2F6C92CF /* SettingsStore.swift */; };
		A984E684171800B4B34DEAE0 /* AppModel.swift in Sources */ = {isa = PBXBuildFile; fileRef = 9EC642DFB49BDF5133C0C3EC /* AppModel.swift */; };
		C28A2AD6C62E47A36574F6AC /* SwiftTerm in Frameworks */ = {isa = PBXBuildFile; productRef = 9AAC74046867831767613463 /* SwiftTerm */; };
		D5CF49EA3DECCDB2D1EF54DA /* SessionPickerView.swift in Sources */ = {isa = PBXBuildFile; fileRef = 51D3FE56B5DEAC37045C2883 /* SessionPickerView.swift */; };
		E04F3FC17905FC02FF00C87E /* KeychainStore.swift in Sources */ = {isa = PBXBuildFile; fileRef = 3133BA741567608890003865 /* KeychainStore.swift */; };
		E2250C91D806BE75AFE5522C /* SwiftTerm in Frameworks */ = {isa = PBXBuildFile; productRef = 8B85CD84EF0BD4DC0FF0D7A9 /* SwiftTerm */; };
		F1863453A908C6ED3BFD6F2D /* ZelmuxApp.swift in Sources */ = {isa = PBXBuildFile; fileRef = 169155DCA69383F910FCE081 /* ZelmuxApp.swift */; };
/* End PBXBuildFile section */

/* Begin PBXContainerItemProxy section */
		8C0BF41FF42A70F122F145AD /* PBXContainerItemProxy */ = {
			isa = PBXContainerItemProxy;
			containerPortal = AB42A029450C3D1AD9824507 /* Project object */;
			proxyType = 1;
			remoteGlobalIDString = 0E2BBD8ECFA6C3AFC5D9C0AA;
			remoteInfo = Zelmux;
		};
/* End PBXContainerItemProxy section */

/* Begin PBXFileReference section */
		0EA42D8B040326F2172916A5 /* ZellijWireCodec.swift */ = {isa = PBXFileReference; lastKnownFileType = sourcecode.swift; path = ZellijWireCodec.swift; sourceTree = "<group>"; };
		0FE739AB04DD43DABE98C0EB /* Info.plist */ = {isa = PBXFileReference; lastKnownFileType = text.plist; path = Info.plist; sourceTree = "<group>"; };
		104CB6AF9A6291A149B96085 /* ANSITextSanitizer.swift */ = {isa = PBXFileReference; lastKnownFileType = sourcecode.swift; path = ANSITextSanitizer.swift; sourceTree = "<group>"; };
		169155DCA69383F910FCE081 /* ZelmuxApp.swift */ = {isa = PBXFileReference; lastKnownFileType = sourcecode.swift; path = ZelmuxApp.swift; sourceTree = "<group>"; };
		25B656FC46BA431301180F1A /* TerminalStream.swift */ = {isa = PBXFileReference; lastKnownFileType = sourcecode.swift; path = TerminalStream.swift; sourceTree = "<group>"; };
		2EB36E96678110AFD6E3EA74 /* ZellijWebTransport.swift */ = {isa = PBXFileReference; lastKnownFileType = sourcecode.swift; path = ZellijWebTransport.swift; sourceTree = "<group>"; };
		3133BA741567608890003865 /* KeychainStore.swift */ = {isa = PBXFileReference; lastKnownFileType = sourcecode.swift; path = KeychainStore.swift; sourceTree = "<group>"; };
		39DFA4F4E8BC3BC3BF127B87 /* SettingsView.swift */ = {isa = PBXFileReference; lastKnownFileType = sourcecode.swift; path = SettingsView.swift; sourceTree = "<group>"; };
		41A75B4C89FDEB0BDD71BB4A /* Assets.xcassets */ = {isa = PBXFileReference; lastKnownFileType = folder.assetcatalog; path = Assets.xcassets; sourceTree = "<group>"; };
		44CFFFB2A9C1240998D97CA1 /* CertificatePinningDelegate.swift */ = {isa = PBXFileReference; lastKnownFileType = sourcecode.swift; path = CertificatePinningDelegate.swift; sourceTree = "<group>"; };
		4F234A020EA72F37A9929C41 /* ZelmuxTests.xctest */ = {isa = PBXFileReference; explicitFileType = wrapper.cfbundle; includeInIndex = 0; path = ZelmuxTests.xctest; sourceTree = BUILT_PRODUCTS_DIR; };
		51D3FE56B5DEAC37045C2883 /* SessionPickerView.swift */ = {isa = PBXFileReference; lastKnownFileType = sourcecode.swift; path = SessionPickerView.swift; sourceTree = "<group>"; };
		7742E73C283A9DA65F603AF6 /* SwiftTermSurface.swift */ = {isa = PBXFileReference; lastKnownFileType = sourcecode.swift; path = SwiftTermSurface.swift; sourceTree = "<group>"; };
		7F3D4B9B2E1A4A14A4D70D42 /* ZelmuxDing.wav */ = {isa = PBXFileReference; lastKnownFileType = audio.wav; path = ZelmuxDing.wav; sourceTree = "<group>"; };
		94DFE1C8F27A4D269941B4D5 /* PrivacyInfo.xcprivacy */ = {isa = PBXFileReference; lastKnownFileType = text.xml; path = PrivacyInfo.xcprivacy; sourceTree = "<group>"; };
		9EC642DFB49BDF5133C0C3EC /* AppModel.swift */ = {isa = PBXFileReference; lastKnownFileType = sourcecode.swift; path = AppModel.swift; sourceTree = "<group>"; };
		A76333BD9E2E686FFEEE2B43 /* PromptComposerView.swift */ = {isa = PBXFileReference; lastKnownFileType = sourcecode.swift; path = PromptComposerView.swift; sourceTree = "<group>"; };
		BAD45AD11D6D254ACD239C3C /* ZellijProfile.swift */ = {isa = PBXFileReference; lastKnownFileType = sourcecode.swift; path = ZellijProfile.swift; sourceTree = "<group>"; };
		CB94742F670125979D2A8FDD /* RootView.swift */ = {isa = PBXFileReference; lastKnownFileType = sourcecode.swift; path = RootView.swift; sourceTree = "<group>"; };
		D3464E98675D2D7F2F6C92CF /* SettingsStore.swift */ = {isa = PBXFileReference; lastKnownFileType = sourcecode.swift; path = SettingsStore.swift; sourceTree = "<group>"; };
		E16735B49512C2A5D0324152 /* Zelmux.app */ = {isa = PBXFileReference; explicitFileType = wrapper.application; includeInIndex = 0; path = Zelmux.app; sourceTree = BUILT_PRODUCTS_DIR; };
		F36E99B3A34C30E511FD43B6 /* ZellijWireCodecTests.swift */ = {isa = PBXFileReference; lastKnownFileType = sourcecode.swift; path = ZellijWireCodecTests.swift; sourceTree = "<group>"; };
/* End PBXFileReference section */

/* Begin PBXFrameworksBuildPhase section */
		C20273592464AE3C9323E22F /* Frameworks */ = {
			isa = PBXFrameworksBuildPhase;
			buildActionMask = 2147483647;
			files = (
				C28A2AD6C62E47A36574F6AC /* SwiftTerm in Frameworks */,
			);
			runOnlyForDeploymentPostprocessing = 0;
		};
		E1D6BA0F77B78079260BD578 /* Frameworks */ = {
			isa = PBXFrameworksBuildPhase;
			buildActionMask = 2147483647;
			files = (
				E2250C91D806BE75AFE5522C /* SwiftTerm in Frameworks */,
			);
			runOnlyForDeploymentPostprocessing = 0;
		};
/* End PBXFrameworksBuildPhase section */

/* Begin PBXGroup section */
		01B8C3390284DB1C725C039E /* Services */ = {
			isa = PBXGroup;
			children = (
				104CB6AF9A6291A149B96085 /* ANSITextSanitizer.swift */,
				9EC642DFB49BDF5133C0C3EC /* AppModel.swift */,
				44CFFFB2A9C1240998D97CA1 /* CertificatePinningDelegate.swift */,
				3133BA741567608890003865 /* KeychainStore.swift */,
				D3464E98675D2D7F2F6C92CF /* SettingsStore.swift */,
				25B656FC46BA431301180F1A /* TerminalStream.swift */,
				2EB36E96678110AFD6E3EA74 /* ZellijWebTransport.swift */,
				0EA42D8B040326F2172916A5 /* ZellijWireCodec.swift */,
			);
			path = Services;
			sourceTree = "<group>";
		};
		0C5FC7A761F62D880DB58FCC /* Products */ = {
			isa = PBXGroup;
			children = (
				E16735B49512C2A5D0324152 /* Zelmux.app */,
				4F234A020EA72F37A9929C41 /* ZelmuxTests.xctest */,
			);
			name = Products;
			sourceTree = "<group>";
		};
		1FFD7E8399780B7FE6C02B88 /* ZelmuxTests */ = {
			isa = PBXGroup;
			children = (
				F36E99B3A34C30E511FD43B6 /* ZellijWireCodecTests.swift */,
			);
			path = ZelmuxTests;
			sourceTree = "<group>";
		};
		4B6DF1BCFE8D6B590186F4C5 /* Views */ = {
			isa = PBXGroup;
			children = (
				A76333BD9E2E686FFEEE2B43 /* PromptComposerView.swift */,
				CB94742F670125979D2A8FDD /* RootView.swift */,
				51D3FE56B5DEAC37045C2883 /* SessionPickerView.swift */,
				39DFA4F4E8BC3BC3BF127B87 /* SettingsView.swift */,
				7742E73C283A9DA65F603AF6 /* SwiftTermSurface.swift */,
			);
			path = Views;
			sourceTree = "<group>";
		};
		8AF13A4A14EF30D96A7F1903 = {
			isa = PBXGroup;
			children = (
				EE9E8D1DB16CF87ADB0E16EC /* Sources */,
				1FFD7E8399780B7FE6C02B88 /* ZelmuxTests */,
				0C5FC7A761F62D880DB58FCC /* Products */,
			);
			sourceTree = "<group>";
		};
		EE9E8D1DB16CF87ADB0E16EC /* Sources */ = {
			isa = PBXGroup;
			children = (
				41A75B4C89FDEB0BDD71BB4A /* Assets.xcassets */,
				0FE739AB04DD43DABE98C0EB /* Info.plist */,
				94DFE1C8F27A4D269941B4D5 /* PrivacyInfo.xcprivacy */,
				7F3D4B9B2E1A4A14A4D70D42 /* ZelmuxDing.wav */,
				169155DCA69383F910FCE081 /* ZelmuxApp.swift */,
				EF11B82E4E51353B44F6C41E /* Models */,
				01B8C3390284DB1C725C039E /* Services */,
				4B6DF1BCFE8D6B590186F4C5 /* Views */,
			);
			name = Sources;
			path = Zelmux/Sources;
			sourceTree = "<group>";
		};
		EF11B82E4E51353B44F6C41E /* Models */ = {
			isa = PBXGroup;
			children = (
				BAD45AD11D6D254ACD239C3C /* ZellijProfile.swift */,
			);
			path = Models;
			sourceTree = "<group>";
		};
/* End PBXGroup section */

/* Begin PBXNativeTarget section */
		0E2BBD8ECFA6C3AFC5D9C0AA /* Zelmux */ = {
			isa = PBXNativeTarget;
			buildConfigurationList = 05F8D69803F7DB1785E06BEF /* Build configuration list for PBXNativeTarget "Zelmux" */;
			buildPhases = (
				EFDBDAC071EEEEB4AD5345F5 /* Sources */,
				B0291D9003EC6302EA484C64 /* Resources */,
				E1D6BA0F77B78079260BD578 /* Frameworks */,
			);
			buildRules = (
			);
			dependencies = (
			);
			name = Zelmux;
			packageProductDependencies = (
				8B85CD84EF0BD4DC0FF0D7A9 /* SwiftTerm */,
			);
			productName = Zelmux;
			productReference = E16735B49512C2A5D0324152 /* Zelmux.app */;
			productType = "com.apple.product-type.application";
		};
		CBF1397325F63ADF145B6CED /* ZelmuxTests */ = {
			isa = PBXNativeTarget;
			buildConfigurationList = 650D06F542012E51F48C41EA /* Build configuration list for PBXNativeTarget "ZelmuxTests" */;
			buildPhases = (
				C95C7B4D2741DB8135BE3EE8 /* Sources */,
				C20273592464AE3C9323E22F /* Frameworks */,
			);
			buildRules = (
			);
			dependencies = (
				AF99CBA5311DEFE5A1C66954 /* PBXTargetDependency */,
			);
			name = ZelmuxTests;
			packageProductDependencies = (
				9AAC74046867831767613463 /* SwiftTerm */,
			);
			productName = ZelmuxTests;
			productReference = 4F234A020EA72F37A9929C41 /* ZelmuxTests.xctest */;
			productType = "com.apple.product-type.bundle.unit-test";
		};
/* End PBXNativeTarget section */

/* Begin PBXProject section */
		AB42A029450C3D1AD9824507 /* Project object */ = {
			isa = PBXProject;
			attributes = {
				BuildIndependentTargetsInParallel = YES;
				LastUpgradeCheck = 1430;
				TargetAttributes = {
					0E2BBD8ECFA6C3AFC5D9C0AA = {
						DevelopmentTeam = E3LHDHQKAV;
						ProvisioningStyle = Automatic;
					};
					CBF1397325F63ADF145B6CED = {
						DevelopmentTeam = E3LHDHQKAV;
						ProvisioningStyle = Automatic;
					};
				};
			};
			buildConfigurationList = BB286865874D33CE16591410 /* Build configuration list for PBXProject "Zelmux" */;
			compatibilityVersion = "Xcode 14.0";
			developmentRegion = en;
			hasScannedForEncodings = 0;
			knownRegions = (
				Base,
				en,
			);
			mainGroup = 8AF13A4A14EF30D96A7F1903;
			minimizedProjectReferenceProxies = 1;
			packageReferences = (
				C69D5FA353C7E73486C52B4A /* XCRemoteSwiftPackageReference "SwiftTerm" */,
			);
			projectDirPath = "";
			projectRoot = "";
			targets = (
				0E2BBD8ECFA6C3AFC5D9C0AA /* Zelmux */,
				CBF1397325F63ADF145B6CED /* ZelmuxTests */,
			);
		};
/* End PBXProject section */

/* Begin PBXResourcesBuildPhase section */
		B0291D9003EC6302EA484C64 /* Resources */ = {
			isa = PBXResourcesBuildPhase;
			buildActionMask = 2147483647;
			files = (
				25AD0829C5DA279C01C7327A /* Assets.xcassets in Resources */,
				770F6213A76B4AC28D5E0F19 /* PrivacyInfo.xcprivacy in Resources */,
				7F3D4B9C2E1A4A14A4D70D42 /* ZelmuxDing.wav in Resources */,
			);
			runOnlyForDeploymentPostprocessing = 0;
		};
/* End PBXResourcesBuildPhase section */

/* Begin PBXSourcesBuildPhase section */
		C95C7B4D2741DB8135BE3EE8 /* Sources */ = {
			isa = PBXSourcesBuildPhase;
			buildActionMask = 2147483647;
			files = (
				486B045810CA64DFF49EC8F9 /* ZellijWireCodecTests.swift in Sources */,
			);
			runOnlyForDeploymentPostprocessing = 0;
		};
		EFDBDAC071EEEEB4AD5345F5 /* Sources */ = {
			isa = PBXSourcesBuildPhase;
			buildActionMask = 2147483647;
			files = (
				4DEFE95A89DE3AD05FD42B11 /* ANSITextSanitizer.swift in Sources */,
				A984E684171800B4B34DEAE0 /* AppModel.swift in Sources */,
				29820128992601643C11A610 /* CertificatePinningDelegate.swift in Sources */,
				E04F3FC17905FC02FF00C87E /* KeychainStore.swift in Sources */,
				20CD504DC2D35345C19E6FC1 /* PromptComposerView.swift in Sources */,
				9FAE7440156A7FD14A3A73CB /* RootView.swift in Sources */,
				D5CF49EA3DECCDB2D1EF54DA /* SessionPickerView.swift in Sources */,
				A80C6E5E7A58A0B44A488161 /* SettingsStore.swift in Sources */,
				A2F7E12B5514739B67979AE2 /* SettingsView.swift in Sources */,
				6FEDB7C258E27D7CC4E6B966 /* SwiftTermSurface.swift in Sources */,
				1773F7B93D7B85A9DF147955 /* TerminalStream.swift in Sources */,
				F1863453A908C6ED3BFD6F2D /* ZelmuxApp.swift in Sources */,
				40C338AF6756654EECAB65A5 /* ZellijProfile.swift in Sources */,
				62FABE3669EB597839172E7F /* ZellijWebTransport.swift in Sources */,
				69B85BCCB896BC1D14648296 /* ZellijWireCodec.swift in Sources */,
			);
			runOnlyForDeploymentPostprocessing = 0;
		};
/* End PBXSourcesBuildPhase section */

/* Begin PBXTargetDependency section */
		AF99CBA5311DEFE5A1C66954 /* PBXTargetDependency */ = {
			isa = PBXTargetDependency;
			target = 0E2BBD8ECFA6C3AFC5D9C0AA /* Zelmux */;
			targetProxy = 8C0BF41FF42A70F122F145AD /* PBXContainerItemProxy */;
		};
/* End PBXTargetDependency section */

/* Begin XCBuildConfiguration section */
		547DF7F87E44B69E3E6C2DF2 /* Debug */ = {
			isa = XCBuildConfiguration;
			buildSettings = {
				BUNDLE_LOADER = "$(TEST_HOST)";
				CODE_SIGN_STYLE = Automatic;
				DEVELOPMENT_TEAM = E3LHDHQKAV;
				GENERATE_INFOPLIST_FILE = YES;
				IPHONEOS_DEPLOYMENT_TARGET = 16.0;
				LD_RUNPATH_SEARCH_PATHS = (
					"$(inherited)",
					"@executable_path/Frameworks",
					"@loader_path/Frameworks",
				);
				PRODUCT_BUNDLE_IDENTIFIER = com.cinetec.dev.zelmux.tests;
				PRODUCT_NAME = ZelmuxTests;
				SDKROOT = iphoneos;
				TARGETED_DEVICE_FAMILY = "1,2";
				TEST_HOST = "$(BUILT_PRODUCTS_DIR)/Zelmux.app/Zelmux";
			};
			name = Debug;
		};
		64B3AF251EEDDBF718FD4FA4 /* Release */ = {
			isa = XCBuildConfiguration;
			buildSettings = {
				ALWAYS_SEARCH_USER_PATHS = NO;
				CLANG_ANALYZER_NONNULL = YES;
				CLANG_ANALYZER_NUMBER_OBJECT_CONVERSION = YES_AGGRESSIVE;
				CLANG_CXX_LANGUAGE_STANDARD = "gnu++14";
				CLANG_CXX_LIBRARY = "libc++";
				CLANG_ENABLE_MODULES = YES;
				CLANG_ENABLE_OBJC_ARC = YES;
				CLANG_ENABLE_OBJC_WEAK = YES;
				CLANG_WARN_BLOCK_CAPTURE_AUTORELEASING = YES;
				CLANG_WARN_BOOL_CONVERSION = YES;
				CLANG_WARN_COMMA = YES;
				CLANG_WARN_CONSTANT_CONVERSION = YES;
				CLANG_WARN_DEPRECATED_OBJC_IMPLEMENTATIONS = YES;
				CLANG_WARN_DIRECT_OBJC_ISA_USAGE = YES_ERROR;
				CLANG_WARN_DOCUMENTATION_COMMENTS = YES;
				CLANG_WARN_EMPTY_BODY = YES;
				CLANG_WARN_ENUM_CONVERSION = YES;
				CLANG_WARN_INFINITE_RECURSION = YES;
				CLANG_WARN_INT_CONVERSION = YES;
				CLANG_WARN_NON_LITERAL_NULL_CONVERSION = YES;
				CLANG_WARN_OBJC_IMPLICIT_RETAIN_SELF = YES;
				CLANG_WARN_OBJC_LITERAL_CONVERSION = YES;
				CLANG_WARN_OBJC_ROOT_CLASS = YES_ERROR;
				CLANG_WARN_QUOTED_INCLUDE_IN_FRAMEWORK_HEADER = YES;
				CLANG_WARN_RANGE_LOOP_ANALYSIS = YES;
				CLANG_WARN_STRICT_PROTOTYPES = YES;
				CLANG_WARN_SUSPICIOUS_MOVE = YES;
				CLANG_WARN_UNGUARDED_AVAILABILITY = YES_AGGRESSIVE;
				CLANG_WARN_UNREACHABLE_CODE = YES;
				CLANG_WARN__DUPLICATE_METHOD_MATCH = YES;
				COPY_PHASE_STRIP = NO;
					CURRENT_PROJECT_VERSION = 2026051107;
				DEBUG_INFORMATION_FORMAT = "dwarf-with-dsym";
				ENABLE_NS_ASSERTIONS = NO;
				ENABLE_STRICT_OBJC_MSGSEND = YES;
				GCC_C_LANGUAGE_STANDARD = gnu11;
				GCC_NO_COMMON_BLOCKS = YES;
				GCC_WARN_64_TO_32_BIT_CONVERSION = YES;
				GCC_WARN_ABOUT_RETURN_TYPE = YES_ERROR;
				GCC_WARN_UNDECLARED_SELECTOR = YES;
				GCC_WARN_UNINITIALIZED_AUTOS = YES_AGGRESSIVE;
				GCC_WARN_UNUSED_FUNCTION = YES;
				GCC_WARN_UNUSED_VARIABLE = YES;
				IPHONEOS_DEPLOYMENT_TARGET = 16.0;
				MARKETING_VERSION = 1.0.0;
				MTL_ENABLE_DEBUG_INFO = NO;
				MTL_FAST_MATH = YES;
				PRODUCT_NAME = "$(TARGET_NAME)";
				SDKROOT = iphoneos;
				SWIFT_ACTIVE_COMPILATION_CONDITIONS = ZELMUX_RELEASE;
				SWIFT_COMPILATION_MODE = wholemodule;
				SWIFT_OPTIMIZATION_LEVEL = "-O";
				SWIFT_VERSION = 5.9;
			};
			name = Release;
		};
		71ED17460202714F374FE061 /* Release */ = {
			isa = XCBuildConfiguration;
			buildSettings = {
				BUNDLE_LOADER = "$(TEST_HOST)";
				CODE_SIGN_STYLE = Automatic;
				DEVELOPMENT_TEAM = E3LHDHQKAV;
				GENERATE_INFOPLIST_FILE = YES;
				IPHONEOS_DEPLOYMENT_TARGET = 16.0;
				LD_RUNPATH_SEARCH_PATHS = (
					"$(inherited)",
					"@executable_path/Frameworks",
					"@loader_path/Frameworks",
				);
				PRODUCT_BUNDLE_IDENTIFIER = com.cinetec.dev.zelmux.tests;
				PRODUCT_NAME = ZelmuxTests;
				SDKROOT = iphoneos;
				TARGETED_DEVICE_FAMILY = "1,2";
				TEST_HOST = "$(BUILT_PRODUCTS_DIR)/Zelmux.app/Zelmux";
			};
			name = Release;
		};
		84FD9B24FCF29FE755FBE30D /* Debug */ = {
			isa = XCBuildConfiguration;
			buildSettings = {
				ALWAYS_SEARCH_USER_PATHS = NO;
				CLANG_ANALYZER_NONNULL = YES;
				CLANG_ANALYZER_NUMBER_OBJECT_CONVERSION = YES_AGGRESSIVE;
				CLANG_CXX_LANGUAGE_STANDARD = "gnu++14";
				CLANG_CXX_LIBRARY = "libc++";
				CLANG_ENABLE_MODULES = YES;
				CLANG_ENABLE_OBJC_ARC = YES;
				CLANG_ENABLE_OBJC_WEAK = YES;
				CLANG_WARN_BLOCK_CAPTURE_AUTORELEASING = YES;
				CLANG_WARN_BOOL_CONVERSION = YES;
				CLANG_WARN_COMMA = YES;
				CLANG_WARN_CONSTANT_CONVERSION = YES;
				CLANG_WARN_DEPRECATED_OBJC_IMPLEMENTATIONS = YES;
				CLANG_WARN_DIRECT_OBJC_ISA_USAGE = YES_ERROR;
				CLANG_WARN_DOCUMENTATION_COMMENTS = YES;
				CLANG_WARN_EMPTY_BODY = YES;
				CLANG_WARN_ENUM_CONVERSION = YES;
				CLANG_WARN_INFINITE_RECURSION = YES;
				CLANG_WARN_INT_CONVERSION = YES;
				CLANG_WARN_NON_LITERAL_NULL_CONVERSION = YES;
				CLANG_WARN_OBJC_IMPLICIT_RETAIN_SELF = YES;
				CLANG_WARN_OBJC_LITERAL_CONVERSION = YES;
				CLANG_WARN_OBJC_ROOT_CLASS = YES_ERROR;
				CLANG_WARN_QUOTED_INCLUDE_IN_FRAMEWORK_HEADER = YES;
				CLANG_WARN_RANGE_LOOP_ANALYSIS = YES;
				CLANG_WARN_STRICT_PROTOTYPES = YES;
				CLANG_WARN_SUSPICIOUS_MOVE = YES;
				CLANG_WARN_UNGUARDED_AVAILABILITY = YES_AGGRESSIVE;
				CLANG_WARN_UNREACHABLE_CODE = YES;
				CLANG_WARN__DUPLICATE_METHOD_MATCH = YES;
				COPY_PHASE_STRIP = NO;
					CURRENT_PROJECT_VERSION = 2026051107;
				DEBUG_INFORMATION_FORMAT = dwarf;
				ENABLE_STRICT_OBJC_MSGSEND = YES;
				ENABLE_TESTABILITY = YES;
				GCC_C_LANGUAGE_STANDARD = gnu11;
				GCC_DYNAMIC_NO_PIC = NO;
				GCC_NO_COMMON_BLOCKS = YES;
				GCC_OPTIMIZATION_LEVEL = 0;
				GCC_PREPROCESSOR_DEFINITIONS = (
					"$(inherited)",
					"DEBUG=1",
				);
				GCC_WARN_64_TO_32_BIT_CONVERSION = YES;
				GCC_WARN_ABOUT_RETURN_TYPE = YES_ERROR;
				GCC_WARN_UNDECLARED_SELECTOR = YES;
				GCC_WARN_UNINITIALIZED_AUTOS = YES_AGGRESSIVE;
				GCC_WARN_UNUSED_FUNCTION = YES;
				GCC_WARN_UNUSED_VARIABLE = YES;
				IPHONEOS_DEPLOYMENT_TARGET = 16.0;
				MARKETING_VERSION = 1.0.0;
				MTL_ENABLE_DEBUG_INFO = INCLUDE_SOURCE;
				MTL_FAST_MATH = YES;
				ONLY_ACTIVE_ARCH = YES;
				PRODUCT_NAME = "$(TARGET_NAME)";
				SDKROOT = iphoneos;
				SWIFT_ACTIVE_COMPILATION_CONDITIONS = "DEBUG ZELMUX_DIAGNOSTICS";
				SWIFT_OPTIMIZATION_LEVEL = "-Onone";
				SWIFT_VERSION = 5.9;
			};
			name = Debug;
		};
		986752B709070FE24AE43531 /* Debug */ = {
			isa = XCBuildConfiguration;
			buildSettings = {
				ASSETCATALOG_COMPILER_APPICON_NAME = AppIcon;
				ASSETCATALOG_COMPILER_GENERATE_SWIFT_ASSET_SYMBOL_EXTENSIONS = NO;
				CODE_SIGN_IDENTITY = "iPhone Developer";
				CODE_SIGN_STYLE = Automatic;
				DEVELOPMENT_TEAM = E3LHDHQKAV;
				INFOPLIST_FILE = Zelmux/Sources/Info.plist;
				INFOPLIST_KEY_LSApplicationCategoryType = "public.app-category.utilities";
				IPHONEOS_DEPLOYMENT_TARGET = 16.0;
				LD_RUNPATH_SEARCH_PATHS = (
					"$(inherited)",
					"@executable_path/Frameworks",
				);
				PRODUCT_BUNDLE_IDENTIFIER = com.cinetec.dev.zelmux;
				SDKROOT = iphoneos;
				TARGETED_DEVICE_FAMILY = "1,2";
			};
			name = Debug;
		};
		D9C37DA70B830D2DC3F8C011 /* Release */ = {
			isa = XCBuildConfiguration;
			buildSettings = {
				ASSETCATALOG_COMPILER_APPICON_NAME = AppIcon;
				ASSETCATALOG_COMPILER_GENERATE_SWIFT_ASSET_SYMBOL_EXTENSIONS = NO;
				CODE_SIGN_IDENTITY = "iPhone Developer";
				CODE_SIGN_STYLE = Automatic;
				DEVELOPMENT_TEAM = E3LHDHQKAV;
				INFOPLIST_FILE = Zelmux/Sources/Info.plist;
				INFOPLIST_KEY_LSApplicationCategoryType = "public.app-category.utilities";
				IPHONEOS_DEPLOYMENT_TARGET = 16.0;
				LD_RUNPATH_SEARCH_PATHS = (
					"$(inherited)",
					"@executable_path/Frameworks",
				);
				PRODUCT_BUNDLE_IDENTIFIER = com.cinetec.dev.zelmux;
				SDKROOT = iphoneos;
				TARGETED_DEVICE_FAMILY = "1,2";
			};
			name = Release;
		};
/* End XCBuildConfiguration section */

/* Begin XCConfigurationList section */
		05F8D69803F7DB1785E06BEF /* Build configuration list for PBXNativeTarget "Zelmux" */ = {
			isa = XCConfigurationList;
			buildConfigurations = (
				986752B709070FE24AE43531 /* Debug */,
				D9C37DA70B830D2DC3F8C011 /* Release */,
			);
			defaultConfigurationIsVisible = 0;
			defaultConfigurationName = Debug;
		};
		650D06F542012E51F48C41EA /* Build configuration list for PBXNativeTarget "ZelmuxTests" */ = {
			isa = XCConfigurationList;
			buildConfigurations = (
				547DF7F87E44B69E3E6C2DF2 /* Debug */,
				71ED17460202714F374FE061 /* Release */,
			);
			defaultConfigurationIsVisible = 0;
			defaultConfigurationName = Debug;
		};
		BB286865874D33CE16591410 /* Build configuration list for PBXProject "Zelmux" */ = {
			isa = XCConfigurationList;
			buildConfigurations = (
				84FD9B24FCF29FE755FBE30D /* Debug */,
				64B3AF251EEDDBF718FD4FA4 /* Release */,
			);
			defaultConfigurationIsVisible = 0;
			defaultConfigurationName = Debug;
		};
/* End XCConfigurationList section */

/* Begin XCLocalSwiftPackageReference section */
		C69D5FA353C7E73486C52B4A /* XCRemoteSwiftPackageReference "SwiftTerm" */ = {
			isa = XCLocalSwiftPackageReference;
			relativePath = ThirdParty/SwiftTerm;
		};
/* End XCLocalSwiftPackageReference section */

/* Begin XCSwiftPackageProductDependency section */
		8B85CD84EF0BD4DC0FF0D7A9 /* SwiftTerm */ = {
			isa = XCSwiftPackageProductDependency;
			package = C69D5FA353C7E73486C52B4A /* XCRemoteSwiftPackageReference "SwiftTerm" */;
			productName = SwiftTerm;
		};
		9AAC74046867831767613463 /* SwiftTerm */ = {
			isa = XCSwiftPackageProductDependency;
			package = C69D5FA353C7E73486C52B4A /* XCRemoteSwiftPackageReference "SwiftTerm" */;
			productName = SwiftTerm;
		};
/* End XCSwiftPackageProductDependency section */
	};
	rootObject = AB42A029450C3D1AD9824507 /* Project object */;
}
